// !$*UTF8*$!
{
	archiveVersion = 1;
	classes = {
	};
	objectVersion = 50;
	objects = {

/* Begin PBXBuildFile section */
		DBDEE4C726E9E6AF0031995D /* AppDelegate.swift in Sources */ = {isa = PBXBuildFile; fileRef = DBDEE4C626E9E6AF0031995D /* AppDelegate.swift */; };
		DBDEE4C926E9E6AF0031995D /* SceneDelegate.swift in Sources */ = {isa = PBXBuildFile; fileRef = DBDEE4C826E9E6AF0031995D /* SceneDelegate.swift */; };
		DBDEE4CB26E9E6AF0031995D /* ViewController.swift in Sources */ = {isa = PBXBuildFile; fileRef = DBDEE4CA26E9E6AF0031995D /* ViewController.swift */; };
		DBDEE4CE26E9E6AF0031995D /* Main.storyboard in Resources */ = {isa = PBXBuildFile; fileRef = DBDEE4CC26E9E6AF0031995D /* Main.storyboard */; };
		DBDEE4D026E9E6B00031995D /* Assets.xcassets in Resources */ = {isa = PBXBuildFile; fileRef = DBDEE4CF26E9E6B00031995D /* Assets.xcassets */; };
		DBDEE4D326E9E6B00031995D /* LaunchScreen.storyboard in Resources */ = {isa = PBXBuildFile; fileRef = DBDEE4D126E9E6B00031995D /* LaunchScreen.storyboard */; };
/* End PBXBuildFile section */

/* Begin PBXFileReference section */
		DBDEE4C326E9E6AF0031995D /* I am awsome!.app */ = {isa = PBXFileReference; explicitFileType = wrapper.application; includeInIndex = 0; path = "I am awsome!.app"; sourceTree = BUILT_PRODUCTS_DIR; };
		DBDEE4C626E9E6AF0031995D /* AppDelegate.swift */ = {isa = PBXFileReference; lastKnownFileType = sourcecode.swift; path = AppDelegate.swift; sourceTree = "<group>"; };
		DBDEE4C826E9E6AF0031995D /* SceneDelegate.swift */ = {isa = PBXFileReference; lastKnownFileType = sourcecode.swift; path = SceneDelegate.swift; sourceTree = "<group>"; };
		DBDEE4CA26E9E6AF0031995D /* ViewController.swift */ = {isa = PBXFileReference; lastKnownFileType = sourcecode.swift; path = ViewController.swift; sourceTree = "<group>"; };
		DBDEE4CD26E9E6AF0031995D /* Base */ = {isa = PBXFileReference; lastKnownFileType = file.storyboard; name = Base; path = Base.lproj/Main.storyboard; sourceTree = "<group>"; };
		DBDEE4CF26E9E6B00031995D /* Assets.xcassets */ = {isa = PBXFileReference; lastKnownFileType = folder.assetcatalog; path = Assets.xcassets; sourceTree = "<group>"; };
		DBDEE4D226E9E6B00031995D /* Base */ = {isa = PBXFileReference; lastKnownFileType = file.storyboard; name = Base; path = Base.lproj/LaunchScreen.storyboard; sourceTree = "<group>"; };
		DBDEE4D426E9E6B00031995D /* Info.plist */ = {isa = PBXFileReference; lastKnownFileType = text.plist.xml; path = Info.plist; sourceTree = "<group>"; };
/* End PBXFileReference section */

/* Begin PBXFrameworksBuildPhase section */
		DBDEE4C026E9E6AF0031995D /* Frameworks */ = {
			isa = PBXFrameworksBuildPhase;
			buildActionMask = 2147483647;
			files = (
			);
			runOnlyForDeploymentPostprocessing = 0;
		};
/* End PBXFrameworksBuildPhase section */

/* Begin PBXGroup section */
		DBDEE4BA26E9E6AF0031995D = {
			isa = PBXGroup;
			children = (
				DBDEE4C526E9E6AF0031995D /* I am awsome! */,
				DBDEE4C426E9E6AF0031995D /* Products */,
			);
			sourceTree = "<group>";
		};
		DBDEE4C426E9E6AF0031995D /* Products */ = {
			isa = PBXGroup;
			children = (
				DBDEE4C326E9E6AF0031995D /* I am awsome!.app */,
			);
			name = Products;
			sourceTree = "<group>";
		};
		DBDEE4C526E9E6AF0031995D /* I am awsome! */ = {
			isa = PBXGroup;
			children = (
				DBDEE4C626E9E6AF0031995D /* AppDelegate.swift */,
				DBDEE4C826E9E6AF0031995D /* SceneDelegate.swift */,
				DBDEE4CA26E9E6AF0031995D /* ViewController.swift */,
				DBDEE4CC26E9E6AF0031995D /* Main.storyboard */,
				DBDEE4CF26E9E6B00031995D /* Assets.xcassets */,
				DBDEE4D126E9E6B00031995D /* LaunchScreen.storyboard */,
				DBDEE4D426E9E6B00031995D /* Info.plist */,
			);
			path = "I am awsome!";
			sourceTree = "<group>";
		};
/* End PBXGroup section */

/* Begin PBXNativeTarget section */
		DBDEE4C226E9E6AF0031995D /* I am awsome! */ = {
			isa = PBXNativeTarget;
			buildConfigurationList = DBDEE4D726E9E6B00031995D /* Build configuration list for PBXNativeTarget "I am awsome!" */;
			buildPhases = (
				DBDEE4BF26E9E6AF0031995D /* Sources */,
				DBDEE4C026E9E6AF0031995D /* Frameworks */,
				DBDEE4C126E9E6AF0031995D /* Resources */,
			);
			buildRules = (
			);
			dependencies = (
			);
			name = "I am awsome!";
			productName = "I am awsome!";
			productReference = DBDEE4C326E9E6AF0031995D /* I am awsome!.app */;
			productType = "com.apple.product-type.application";
		};
/* End PBXNativeTarget section */

/* Begin PBXProject section */
		DBDEE4BB26E9E6AF0031995D /* Project object */ = {
			isa = PBXProject;
			attributes = {
				LastSwiftUpdateCheck = 1250;
				LastUpgradeCheck = 1250;
				TargetAttributes = {
					DBDEE4C226E9E6AF0031995D = {
						CreatedOnToolsVersion = 12.5.1;
					};
				};
			};
			buildConfigurationList = DBDEE4BE26E9E6AF0031995D /* Build configuration list for PBXProject "I am awsome!" */;
			compatibilityVersion = "Xcode 9.3";
			developmentRegion = en;
			hasScannedForEncodings = 0;
			knownRegions = (
				en,
				Base,
			);
			mainGroup = DBDEE4BA26E9E6AF0031995D;
			productRefGroup = DBDEE4C426E9E6AF0031995D /* Products */;
			projectDirPath = "";
			projectRoot = "";
			targets = (
				DBDEE4C226E9E6AF0031995D /* I am awsome! */,
			);
		};
/* End PBXProject section */

/* Begin PBXResourcesBuildPhase section */
		DBDEE4C126E9E6AF0031995D /* Resources */ = {
			isa = PBXResourcesBuildPhase;
			buildActionMask = 2147483647;
			files = (
				DBDEE4D326E9E6B00031995D /* LaunchScreen.storyboard in Resources */,
				DBDEE4D026E9E6B00031995D /* Assets.xcassets in Resources */,
				DBDEE4CE26E9E6AF0031995D /* Main.storyboard in Resources */,
			);
			runOnlyForDeploymentPostprocessing = 0;
		};
/* End PBXResourcesBuildPhase section */

/* Begin PBXSourcesBuildPhase section */
		DBDEE4BF26E9E6AF0031995D /* Sources */ = {
			isa = PBXSourcesBuildPhase;
			buildActionMask = 2147483647;
			files = (
				DBDEE4CB26E9E6AF0031995D /* ViewController.swift in Sources */,
				DBDEE4C726E9E6AF0031995D /* AppDelegate.swift in Sources */,
				DBDEE4C926E9E6AF0031995D /* SceneDelegate.swift in Sources */,
			);
			runOnlyForDeploymentPostprocessing = 0;
		};
/* End PBXSourcesBuildPhase section */

/* Begin PBXVariantGroup section */
		DBDEE4CC26E9E6AF0031995D /* Main.storyboard */ = {
			isa = PBXVariantGroup;
			children = (
				DBDEE4CD26E9E6AF0031995D /* Base */,
			);
			name = Main.storyboard;
			sourceTree = "<group>";
		};
		DBDEE4D126E9E6B00031995D /* LaunchScreen.storyboard */ = {
			isa = PBXVariantGroup;
			children = (
				DBDEE4D226E9E6B00031995D /* Base */,
			);
			name = LaunchScreen.storyboard;
			sourceTree = "<group>";
		};
/* End PBXVariantGroup section */

/* Begin XCBuildConfiguration section */
		DBDEE4D526E9E6B00031995D /* Debug */ = {
			isa = XCBuildConfiguration;
			buildSettings = {
				ALWAYS_SEARCH_USER_PATHS = NO;
				CLANG_ANALYZER_NONNULL = YES;
				CLANG_ANALYZER_NUMBER_OBJECT_CONVERSION = YES_AGGRESSIVE;
				CLANG_CXX_LANGUAGE_STANDARD = "gnu++14";
				CLANG_CXX_LIBRARY = "libc++";
				CLANG_ENABLE_MODULES = YES;
				CLANG_ENABLE_OBJC_ARC = YES;
				CLANG_ENABLE_OBJC_WEAK = YES;
				CLANG_WARN_BLOCK_CAPTURE_AUTORELEASING = YES;
				CLANG_WARN_BOOL_CONVERSION = YES;
				CLANG_WARN_COMMA = YES;
				CLANG_WARN_CONSTANT_CONVERSION = YES;
				CLANG_WARN_DEPRECATED_OBJC_IMPLEMENTATIONS = YES;
				CLANG_WARN_DIRECT_OBJC_ISA_USAGE = YES_ERROR;
				CLANG_WARN_DOCUMENTATION_COMMENTS = YES;
				CLANG_WARN_EMPTY_BODY = YES;
				CLANG_WARN_ENUM_CONVERSION = YES;
				CLANG_WARN_INFINITE_RECURSION = YES;
				CLANG_WARN_INT_CONVERSION = YES;
				CLANG_WARN_NON_LITERAL_NULL_CONVERSION = YES;
				CLANG_WARN_OBJC_IMPLICIT_RETAIN_SELF = YES;
				CLANG_WARN_OBJC_LITERAL_CONVERSION = YES;
				CLANG_WARN_OBJC_ROOT_CLASS = YES_ERROR;
				CLANG_WARN_QUOTED_INCLUDE_IN_FRAMEWORK_HEADER = YES;
				CLANG_WARN_RANGE_LOOP_ANALYSIS = YES;
				CLANG_WARN_STRICT_PROTOTYPES = YES;
				CLANG_WARN_SUSPICIOUS_MOVE = YES;
				CLANG_WARN_UNGUARDED_AVAILABILITY = YES_AGGRESSIVE;
				CLANG_WARN_UNREACHABLE_CODE = YES;
				CLANG_WARN__DUPLICATE_METHOD_MATCH = YES;
				COPY_PHASE_STRIP = NO;
				DEBUG_INFORMATION_FORMAT = dwarf;
				ENABLE_STRICT_OBJC_MSGSEND = YES;
				ENABLE_TESTABILITY = YES;
				GCC_C_LANGUAGE_STANDARD = gnu11;
				GCC_DYNAMIC_NO_PIC = NO;
				GCC_NO_COMMON_BLOCKS = YES;
				GCC_OPTIMIZATION_LEVEL = 0;
				GCC_PREPROCESSOR_DEFINITIONS = (
					"DEBUG=1",
					"$(inherited)",
				);
				GCC_WARN_64_TO_32_BIT_CONVERSION = YES;
				GCC_WARN_ABOUT_RETURN_TYPE = YES_ERROR;
				GCC_WARN_UNDECLARED_SELECTOR = YES;
				GCC_WARN_UNINITIALIZED_AUTOS = YES_AGGRESSIVE;
				GCC_WARN_UNUSED_FUNCTION = YES;
				GCC_WARN_UNUSED_VARIABLE = YES;
				IPHONEOS_DEPLOYMENT_TARGET = 14.5;
				MTL_ENABLE_DEBUG_INFO = INCLUDE_SOURCE;
				MTL_FAST_MATH = YES;
				ONLY_ACTIVE_ARCH = YES;
				SDKROOT = iphoneos;
				SWIFT_ACTIVE_COMPILATION_CONDITIONS = DEBUG;
				SWIFT_OPTIMIZATION_LEVEL = "-Onone";
			};
			name = Debug;
		};
		DBDEE4D626E9E6B00031995D /* Release */ = {
			isa = XCBuildConfiguration;
			buildSettings = {
				ALWAYS_SEARCH_USER_PATHS = NO;
				CLANG_ANALYZER_NONNULL = YES;
				CLANG_ANALYZER_NUMBER_OBJECT_CONVERSION = YES_AGGRESSIVE;
				CLANG_CXX_LANGUAGE_STANDARD = "gnu++14";
				CLANG_CXX_LIBRARY = "libc++";
				CLANG_ENABLE_MODULES = YES;
				CLANG_ENABLE_OBJC_ARC = YES;
				CLANG_ENABLE_OBJC_WEAK = YES;
				CLANG_WARN_BLOCK_CAPTURE_AUTORELEASING = YES;
				CLANG_WARN_BOOL_CONVERSION = YES;
				CLANG_WARN_COMMA = YES;
				CLANG_WARN_CONSTANT_CONVERSION = YES;
				CLANG_WARN_DEPRECATED_OBJC_IMPLEMENTATIONS = YES;
				CLANG_WARN_DIRECT_OBJC_ISA_USAGE = YES_ERROR;
				CLANG_WARN_DOCUMENTATION_COMMENTS = YES;
				CLANG_WARN_EMPTY_BODY = YES;
				CLANG_WARN_ENUM_CONVERSION = YES;
				CLANG_WARN_INFINITE_RECURSION = YES;
				CLANG_WARN_INT_CONVERSION = YES;
				CLANG_WARN_NON_LITERAL_NULL_CONVERSION = YES;
				CLANG_WARN_OBJC_IMPLICIT_RETAIN_SELF = YES;
				CLANG_WARN_OBJC_LITERAL_CONVERSION = YES;
				CLANG_WARN_OBJC_ROOT_CLASS = YES_ERROR;
				CLANG_WARN_QUOTED_INCLUDE_IN_FRAMEWORK_HEADER = YES;
				CLANG_WARN_RANGE_LOOP_ANALYSIS = YES;
				CLANG_WARN_STRICT_PROTOTYPES = YES;
				CLANG_WARN_SUSPICIOUS_MOVE = YES;
				CLANG_WARN_UNGUARDED_AVAILABILITY = YES_AGGRESSIVE;
				CLANG_WARN_UNREACHABLE_CODE = YES;
				CLANG_WARN__DUPLICATE_METHOD_MATCH = YES;
				COPY_PHASE_STRIP = NO;
				DEBUG_INFORMATION_FORMAT = "dwarf-with-dsym";
				ENABLE_NS_ASSERTIONS = NO;
				ENABLE_STRICT_OBJC_MSGSEND = YES;
				GCC_C_LANGUAGE_STANDARD = gnu11;
				GCC_NO_COMMON_BLOCKS = YES;
				GCC_WARN_64_TO_32_BIT_CONVERSION = YES;
				GCC_WARN_ABOUT_RETURN_TYPE = YES_ERROR;
				GCC_WARN_UNDECLARED_SELECTOR = YES;
				GCC_WARN_UNINITIALIZED_AUTOS = YES_AGGRESSIVE;
				GCC_WARN_UNUSED_FUNCTION = YES;
				GCC_WARN_UNUSED_VARIABLE = YES;
				IPHONEOS_DEPLOYMENT_TARGET = 14.5;
				MTL_ENABLE_DEBUG_INFO = NO;
				MTL_FAST_MATH = YES;
				SDKROOT = iphoneos;
				SWIFT_COMPILATION_MODE = wholemodule;
				SWIFT_OPTIMIZATION_LEVEL = "-O";
				VALIDATE_PRODUCT = YES;
			};
			name = Release;
		};
		DBDEE4D826E9E6B00031995D /* Debug */ = {
			isa = XCBuildConfiguration;
			buildSettings = {
				ASSETCATALOG_COMPILER_APPICON_NAME = AppIcon;
				ASSETCATALOG_COMPILER_GLOBAL_ACCENT_COLOR_NAME = AccentColor;
				CODE_SIGN_STYLE = Automatic;
				DEVELOPMENT_TEAM = 5TT6FXC3C7;
				INFOPLIST_FILE = "I am awsome!/Info.plist";
				LD_RUNPATH_SEARCH_PATHS = (
					"$(inherited)",
					"@executable_path/Frameworks",
				);
				PRODUCT_BUNDLE_IDENTIFIER = "Zuhua-Peng.I-am-awsome-";
				PRODUCT_NAME = "$(TARGET_NAME)";
				SWIFT_VERSION = 5.0;
				TARGETED_DEVICE_FAMILY = "1,2";
			};
			name = Debug;
		};
		DBDEE4D926E9E6B00031995D /* Release */ = {
			isa = XCBuildConfiguration;
			buildSettings = {
				ASSETCATALOG_COMPILER_APPICON_NAME = AppIcon;
				ASSETCATALOG_COMPILER_GLOBAL_ACCENT_COLOR_NAME = AccentColor;
				CODE_SIGN_STYLE = Automatic;
				DEVELOPMENT_TEAM = 5TT6FXC3C7;
				INFOPLIST_FILE = "I am awsome!/Info.plist";
				LD_RUNPATH_SEARCH_PATHS = (
					"$(inherited)",
					"@executable_path/Frameworks",
				);
				PRODUCT_BUNDLE_IDENTIFIER = "Zuhua-Peng.I-am-awsome-";
				PRODUCT_NAME = "$(TARGET_NAME)";
				SWIFT_VERSION = 5.0;
				TARGETED_DEVICE_FAMILY = "1,2";
			};
			name = Release;
		};
/* End XCBuildConfiguration section */

/* Begin XCConfigurationList section */
		DBDEE4BE26E9E6AF0031995D /* Build configuration list for PBXProject "I am awsome!" */ = {
			isa = XCConfigurationList;
			buildConfigurations = (
				DBDEE4D526E9E6B00031995D /* Debug */,
				DBDEE4D626E9E6B00031995D /* Release */,
			);
			defaultConfigurationIsVisible = 0;
			defaultConfigurationName = Release;
		};
		DBDEE4D726E9E6B00031995D /* Build configuration list for PBXNativeTarget "I am awsome!" */ = {
			isa = XCConfigurationList;
			buildConfigurations = (
				DBDEE4D826E9E6B00031995D /* Debug */,
				DBDEE4D926E9E6B00031995D /* Release */,
			);
			defaultConfigurationIsVisible = 0;
			defaultConfigurationName = Release;
		};
/* End XCConfigurationList section */
	};
	rootObject = DBDEE4BB26E9E6AF0031995D /* Project object */;
}
